{
  "name": "competetion",
  "version": "0.0.0",
  "lockfileVersion": 3,
  "requires": true,
  "packages": {
    "": {
      "name": "competetion",
      "version": "0.0.0",
      "dependencies": {
        "axios": "^1.7.2",
        "dotenv": "^16.4.5",
        "react": "^18.2.0",
        "react-dom": "^18.2.0",
        "react-markdown": "^9.0.1"
      },
      "devDependencies": {
        "@types/react": "^18.2.66",
        "@types/react-dom": "^18.2.22",
        "@vitejs/plugin-react": "^4.2.1",
        "autoprefixer": "^10.4.19",
        "eslint": "^8.57.0",
        "eslint-plugin-react": "^7.34.1",
        "eslint-plugin-react-hooks": "^4.6.0",
        "eslint-plugin-react-refresh": "^0.4.6",
        "postcss": "^8.4.38",
        "tailwindcss": "^3.4.3",
        "vite": "^5.2.0"
      }
    },
    "node_modules/@alloc/quick-lru": {
      "version": "5.2.0",
      "resolved": "https://registry.npmjs.org/@alloc/quick-lru/-/quick-lru-5.2.0.tgz",
      "integrity": "sha512-UrcABB+4bUrFABwbluTIBErXwvbsU/V7TZWfmbgJfbkwiBuziS9gxdODUyuiecfdGQ85jglMW6juS3+z5TsKLw==",
      "dev": true,
      "engines": {
        "node": ">=10"
      },
      "funding": {
        "url": "https://github.com/sponsors/sindresorhus"
      }
    },
    "node_modules/@ampproject/remapping": {
      "version": "2.3.0",
      "resolved": "https://registry.npmjs.org/@ampproject/remapping/-/remapping-2.3.0.tgz",
      "integrity": "sha512-30iZtAPgz+LTIYoeivqYo853f02jBYSd5uGnGpkFV0M3xOt9aN73erkgYAmZU43x4VfqcnLxW9Kpg3R5LC4YYw==",
      "dev": true,
      "dependencies": {
        "@jridgewell/gen-mapping": "^0.3.5",
        "@jridgewell/trace-mapping": "^0.3.24"
      },
      "engines": {
        "node": ">=6.0.0"
      }
    },
    "node_modules/@babel/code-frame": {
      "version": "7.24.6",
      "resolved": "https://registry.npmjs.org/@babel/code-frame/-/code-frame-7.24.6.tgz",
      "integrity": "sha512-ZJhac6FkEd1yhG2AHOmfcXG4ceoLltoCVJjN5XsWN9BifBQr+cHJbWi0h68HZuSORq+3WtJ2z0hwF2NG1b5kcA==",
      "dev": true,
      "dependencies": {
        "@babel/highlight": "^7.24.6",
        "picocolors": "^1.0.0"
      },
      "engines": {
        "node": ">=6.9.0"
      }
    },
    "node_modules/@babel/compat-data": {
      "version": "7.24.6",
      "resolved": "https://registry.npmjs.org/@babel/compat-data/-/compat-data-7.24.6.tgz",
      "integrity": "sha512-aC2DGhBq5eEdyXWqrDInSqQjO0k8xtPRf5YylULqx8MCd6jBtzqfta/3ETMRpuKIc5hyswfO80ObyA1MvkCcUQ==",
      "dev": true,
      "engines": {
        "node": ">=6.9.0"
      }
    },
    "node_modules/@babel/core": {
      "version": "7.24.6",
      "resolved": "https://registry.npmjs.org/@babel/core/-/core-7.24.6.tgz",
      "integrity": "sha512-qAHSfAdVyFmIvl0VHELib8xar7ONuSHrE2hLnsaWkYNTI68dmi1x8GYDhJjMI/e7XWal9QBlZkwbOnkcw7Z8gQ==",
      "dev": true,
      "dependencies": {
        "@ampproject/remapping": "^2.2.0",
        "@babel/code-frame": "^7.24.6",
        "@babel/generator": "^7.24.6",
        "@babel/helper-compilation-targets": "^7.24.6",
        "@babel/helper-module-transforms": "^7.24.6",
        "@babel/helpers": "^7.24.6",
        "@babel/parser": "^7.24.6",
        "@babel/template": "^7.24.6",
        "@babel/traverse": "^7.24.6",
        "@babel/types": "^7.24.6",
        "convert-source-map": "^2.0.0",
        "debug": "^4.1.0",
        "gensync": "^1.0.0-beta.2",
        "json5": "^2.2.3",
        "semver": "^6.3.1"
      },
      "engines": {
        "node": ">=6.9.0"
      },
      "funding": {
        "type": "opencollective",
        "url": "https://opencollective.com/babel"
      }
    },
    "node_modules/@babel/generator": {
          "version": "7.24.6",
          "resolved": "https://registry.npmjs.org/@babel/generator/-/generator-7.24.6.tgz",
          "integrity": "sha512-S7m4eNa6YAPJRHmKsLHIDJhNAGNKoWNiWefz1MBbpnt8g9lvMDl1hir4P9bo/57bQEmuwEhnRU/AMWsD0G/Fbg==",
          "dev": true,
          "dependencies": {
            "@babel/types": "^7.24.6",
            "@jridgewell/gen-mapping": "^0.3.5",
            "@jridgewell/trace-mapping": "^0.3.25",
            "jsesc": "^2.5.1"
          },
          "engines": {
            "node": ">=6.9.0"
          }
        },
        "node_modules/@babel/helper-compilation-targets": {
          "version": "7.24.6",
          "resolved": "https://registry.npmjs.org/@babel/helper-compilation-targets/-/helper-compilation-targets-7.24.6.tgz",
          "integrity": "sha512-VZQ57UsDGlX/5fFA7GkVPplZhHsVc+vuErWgdOiysI9Ksnw0Pbbd6pnPiR/mmJyKHgyIW0c7KT32gmhiF+cirg==",
          "dev": true,
          "dependencies": {
            "@babel/compat-data": "^7.24.6",
            "@babel/helper-validator-option": "^7.24.6",
            "browserslist": "^4.22.2",
            "lru-cache": "^5.1.1",
            "semver": "^6.3.1"
          },
          "engines": {
            "node": ">=6.9.0"
          }
        },
        "node_modules/@babel/helper-environment-visitor": {
          "version": "7.24.6",
          "resolved": "https://registry.npmjs.org/@babel/helper-environment-visitor/-/helper-environment-visitor-7.24.6.tgz",
          "integrity": "sha512-Y50Cg3k0LKLMjxdPjIl40SdJgMB85iXn27Vk/qbHZCFx/o5XO3PSnpi675h1KEmmDb6OFArfd5SCQEQ5Q4H88g==",
          "dev": true,
          "engines": {
            "node": ">=6.9.0"
          }
        },
        "node_modules/@babel/helper-function-name": {
          "version": "7.24.6",
          "resolved": "https://registry.npmjs.org/@babel/helper-function-name/-/helper-function-name-7.24.6.tgz",
          "integrity": "sha512-xpeLqeeRkbxhnYimfr2PC+iA0Q7ljX/d1eZ9/inYbmfG2jpl8Lu3DyXvpOAnrS5kxkfOWJjioIMQsaMBXFI05w==",
          "dev": true,
          "dependencies": {
            "@babel/template": "^7.24.6",
            "@babel/types": "^7.24.6"
          },
          "engines": {
            "node": ">=6.9.0"
          }
        },
        "node_modules/@babel/helper-hoist-variables": {
          "version": "7.24.6",
          "resolved": "https://registry.npmjs.org/@babel/helper-hoist-variables/-/helper-hoist-variables-7.24.6.tgz",
          "integrity": "sha512-SF/EMrC3OD7dSta1bLJIlrsVxwtd0UpjRJqLno6125epQMJ/kyFmpTT4pbvPbdQHzCHg+biQ7Syo8lnDtbR+uA==",
          "dev": true,
          "dependencies": {
            "@babel/types": "^7.24.6"
          },
          "engines": {
            "node": ">=6.9.0"
          }
        },
        "node_modules/@babel/helper-module-imports": {
          "version": "7.24.6",
          "resolved": "https://registry.npmjs.org/@babel/helper-module-imports/-/helper-module-imports-7.24.6.tgz",
          "integrity": "sha51
2-a26dmxFJBF62rRO9mmpgrfTLsAuyHk4e1hKTUkD/fcMfynt8gvEKwQPQDVxWhca8dHoDck+55DFt42zV0QMw5g==",
          "dev": true,
          "dependencies": {
            "@babel/types": "^7.24.6"
          },
          "engines": {
            "node": ">=6.9.0"
          }
        },
        "node_modules/@babel/helper-module-transforms": {
      "version": "7.24.6",
      "resolved": "https://registry.npmjs.org/@babel/helper-module-transforms/-/helper-module-transforms-7.24.6.tgz",
      "integrity": "sha512-Y/YMPm83mV2HJTbX1Qh2sjgjqcacvOlhbzdCCsSlblOKjSYmQqEbO6rUniWQyRo9ncyfjT8hnUjlG06RXDEmcA==",
      "dev": true,
      "dependencies": {
        "@babel/helper-environment-visitor": "^7.24.6",
        "@babel/helper-module-imports": "^7.24.6",
        "@babel/helper-simple-access": "^7.24.6",
        "@babel/helper-split-export-declaration": "^7.24.6",
        "@babel/helper-validator-identifier": "^7.24.6"
      },
      "engines": {
        "node": ">=6.9.0"
      },
      "peerDependencies": {
        "@babel/core": "^7.0.0"
      }
    },
    "node_modules/@babel/helper-plugin-utils": {
      "version": "7.24.6",
      "resolved": "https://registry.npmjs.org/@babel/helper-plugin-utils/-/helper-plugin-utils-7.24.6.tgz",
      "integrity": "sha512-MZG/JcWfxybKwsA9N9PmtF2lOSFSEMVCpIRrbxccZFLJPrJciJdG/UhSh5W96GEteJI2ARqm5UAHxISwRDLSNg==",
      "dev": true,
      "engines": {
        "node": ">=6.9.0"
      }
    },
    "node_modules/@babel/helper-simple-access": {
      "version": "7.24.6",
      "resolved": "https://registry.npmjs.org/@babel/helper-simple-access/-/helper-simple-access-7.24.6.tgz",
      "integrity": "sha512-nZzcMMD4ZhmB35MOOzQuiGO5RzL6tJbsT37Zx8M5L/i9KSrukGXWTjLe1knIbb/RmxoJE9GON9soq0c0VEMM5g==",
      "dev": true,
      "dependencies": {
        "@babel/types": "^7.24.6"
      },
      "engines": {
        "node": ">=6.9.0"
      }
    },
    "node_modules/@babel/helper-split-export-declaration": {
      "version": "7.24.6",
      "resolved": "https://registry.npmjs.org/@babel/helper-split-export-declaration/-/helper-split-export-declaration-7.24.6.tgz",
      "integrity": "sha512-CvLSkwXGWnYlF9+J3iZUvwgAxKiYzK3BWuo+mLzD/MDGOZDj7Gq8+hqaOkMxmJwmlv0iu86uH5fdADd9Hxkymw==",
      "dev": true,
      "dependencies": {
        "@babel/types": "^7.24.6"
      },
      "engines": {
        "node": ">=6.9.0"
      }
    },
    "node_modules/@babel/helper-string-parser": {
      "version": "7.24.6",
      "resolved": "https://registry.npmjs.org/@babel/helper-string-parser/-/helper-string-parser-7.24.6.tgz",
      "integrity": "sha512-WdJjwMEkmBicq5T9fm/cHND3+UlFa2Yj8ALLgmoSQAJZysYbBjw+azChSGPN4DSPLXOcooGRvDwZWMcF/mLO2Q==",
      "dev": true,
      "engines": {
        "node": ">=6.9.0"
      }
    },
    "node_modules/@babel/helper-validator-identifier": {
      "version": "7.24.6",
      "resolved": "https://registry.npmjs.org/@babel/helper-validator-identifier/-/helper-validator-identifier-7.24.6.tgz",
      "integrity": "sha512-4yA7s865JHaqUdRbnaxarZREuPTHrjpDT+pXoAZ1yhyo6uFnIEpS8VMu16siFOHDpZNKYv5BObhsB//ycbICyw==",
      "dev": true,
      "engines": {
        "node": ">=6.9.0"
      }
    },
    "node_modules/@babel/helper-validator-option": {
      "version": "7.24.6",
      "resolved": "https://registry.npmjs.org/@babel/helper-validator-option/-/helper-validator-option-7.24.6.tgz",
      "integrity": "sha512-Jktc8KkF3zIkePb48QO+IapbXlSapOW9S+ogZZkcO6bABgYAxtZcjZ/O005111YLf+j4M84uEgwYoidDkXbCkQ==",
      "dev": true,
      "engines": {
        "node": ">=6.9.0"
      }
    },
    "node_modules/@babel/helpers": {
      "version": "7.24.6",
      "resolved": "https://registry.npmjs.org/@babel/helpers/-/helpers-7.24.6.tgz",
      "integrity": "sha512-V2PI+NqnyFu1i0GyTd/O/cTpxzQCYioSkUIRmgo7gFEHKKCg5w46+r/A6WeUR1+P3TeQ49dspGPNd/E3n9AnnA==",
      "dev": true,
      "dependencies": {
        "@babel/template": "^7.24.6",
        "@babel/types": "^7.24.6"
      },
      "engines": {
        "node": ">=6.9.0"
      }
    },
    "node_modules/@babel/highlight": {
      "version": "7.24.6",
      "resolved": "https://registry.npmjs.org/@babel/highlight/-/highlight-7.24.6.tgz",
      "integrity": "sha512-2YnuOp4HAk2BsBrJJvYCbItHx0zWscI1C3zgWkz+wDyD9I7GIVrfnLyrR4Y1VR+7p+chAEcrgRQYZAGIKMV7vQ==",
      "dev": true,
      "dependencies": {
        "@babel/helper-validator-identifier": "^7.24.6",
        "chalk": "^2.4.2",
        "js-tokens": "^4.0.0",
        "picocolors": "^1.0.0"
      },
      "engines": {
        "node": ">=6.9.0"
      }
    },
    "node_modules/@babel/parser": {
      "version": "7.24.6",
      "resolved": "https://registry.npmjs.org/@babel/parser/-/parser-7.24.6.tgz",
      "integrity": "sha512-eNZXdfU35nJC2h24RznROuOpO94h6x8sg9ju0tT9biNtLZ2vuP8SduLqqV+/8+cebSLV9SJEAN5Z3zQbJG/M+Q==",
      "dev": true,
      "bin": {
        "parser": "bin/babel-parser.js"
      },
      "engines": {
        "node": ">=6.0.0"
      }
    },
    "node_modules/@babel/plugin-transform-react-jsx-self": {
      "version": "7.24.6",
      "resolved": "https://registry.npmjs.org/@babel/plugin-transform-react-jsx-self/-/plugin-transform-react-jsx-self-7.24.6.tgz",
      "integrity": "sha512-FfZfHXtQ5jYPQsCRyLpOv2GeLIIJhs8aydpNh39vRDjhD411XcfWDni5i7OjP/Rs8GAtTn7sWFFELJSHqkIxYg==",
      "dev": true,
      "dependencies": {
        "@babel/helper-plugin-utils": "^7.24.6"
      },
      "engines": {
        "node": ">=6.9.0"
      },
      "peerDependencies": {
        "@babel/core": "^7.0.0-0"
      }
    },
