{
  "name": "competetion",
  "version": "0.0.0",
  "lockfileVersion": 3,
  "requires": true,
  "packages": {
    "": {
      "name": "competetion",
      "version": "0.0.0",
      "dependencies": {
        "axios": "^1.7.2",
        "dotenv": "^16.4.5",
        "react": "^18.2.0",
        "react-dom": "^18.2.0",
        "react-markdown": "^9.0.1"
      },
      "devDependencies": {
        "@types/react": "^18.2.66",
        "@types/react-dom": "^18.2.22",
        "@vitejs/plugin-react": "^4.2.1",
        "autoprefixer": "^10.4.19",
        "eslint": "^8.57.0",
        "eslint-plugin-react": "^7.34.1",
        "eslint-plugin-react-hooks": "^4.6.0",
        "eslint-plugin-react-refresh": "^0.4.6",
        "postcss": "^8.4.38",
        "tailwindcss": "^3.4.3",
        "vite": "^5.2.0"
      }
    },
    "node_modules/@alloc/quick-lru": {
      "version": "5.2.0",
      "resolved": "https://registry.npmjs.org/@alloc/quick-lru/-/quick-lru-5.2.0.tgz",
      "integrity": "sha512-UrcABB+4bUrFABwbluTIBErXwvbsU/V7TZWfmbgJfbkwiBuziS9gxdODUyuiecfdGQ85jglMW6juS3+z5TsKLw==",
      "dev": true,
      "engines": {
        "node": ">=10"
      },
      "funding": {
        "url": "https://github.com/sponsors/sindresorhus"
      }
    },
    "node_modules/@ampproject/remapping": {
      "version": "2.3.0",
      "resolved": "https://registry.npmjs.org/@ampproject/remapping/-/remapping-2.3.0.tgz",
      "integrity": "sha512-30iZtAPgz+LTIYoeivqYo853f02jBYSd5uGnGpkFV0M3xOt9aN73erkgYAmZU43x4VfqcnLxW9Kpg3R5LC4YYw==",
      "dev": true,
      "dependencies": {
        "@jridgewell/gen-mapping": "^0.3.5",
        "@jridgewell/trace-mapping": "^0.3.24"
      },
      "engines": {
        "node": ">=6.0.0"
      }
    },
    "node_modules/@babel/code-frame": {
      "version": "7.24.6",
      "resolved": "https://registry.npmjs.org/@babel/code-frame/-/code-frame-7.24.6.tgz",
      "integrity": "sha512-ZJhac6FkEd1yhG2AHOmfcXG4ceoLltoCVJjN5XsWN9BifBQr+cHJbWi0h68HZuSORq+3WtJ2z0hwF2NG1b5kcA==",
      "dev": true,
      "dependencies": {
        "@babel/highlight": "^7.24.6",
        "picocolors": "^1.0.0"
      },
      "engines": {
        "node": ">=6.9.0"
      }
    },
    "node_modules/@babel/compat-data": {
      "version": "7.24.6",
      "resolved": "https://registry.npmjs.org/@babel/compat-data/-/compat-data-7.24.6.tgz",
      "integrity": "sha512-aC2DGhBq5eEdyXWqrDInSqQjO0k8xtPRf5YylULqx8MCd6jBtzqfta/3ETMRpuKIc5hyswfO80ObyA1MvkCcUQ==",
      "dev": true,
      "engines": {
        "node": ">=6.9.0"
      }
    },
    "node_modules/@babel/core": {
      "version": "7.24.6",
      "resolved": "https://registry.npmjs.org/@babel/core/-/core-7.24.6.tgz",
      "integrity": "sha512-qAHSfAdVyFmIvl0VHELib8xar7ONuSHrE2hLnsaWkYNTI68dmi1x8GYDhJjMI/e7XWal9QBlZkwbOnkcw7Z8gQ==",
      "dev": true,
      "dependencies": {
        "@ampproject/remapping": "^2.2.0",
        "@babel/code-frame": "^7.24.6",
        "@babel/generator": "^7.24.6",
        "@babel/helper-compilation-targets": "^7.24.6",
        "@babel/helper-module-transforms": "^7.24.6",
        "@babel/helpers": "^7.24.6",
        "@babel/parser": "^7.24.6",
        "@babel/template": "^7.24.6",
        "@babel/traverse": "^7.24.6",
        "@babel/types": "^7.24.6",
        "convert-source-map": "^2.0.0",
        "debug": "^4.1.0",
        "gensync": "^1.0.0-beta.2",
        "json5": "^2.2.3",
        "semver": "^6.3.1"
      },
      "engines": {
        "node": ">=6.9.0"
      },
      "funding": {
        "type": "opencollective",
        "url": "https://opencollective.com/babel"
      }
    },
